// !$*UTF8*$!
{
	archiveVersion = 1;
	classes = {
	};
	objectVersion = 55;
	objects = {

/* Begin PBXBuildFile section */
		24B4895F28E226E0003AB5EA /* ext.swift in Sources */ = {isa = PBXBuildFile; fileRef = 24B4895E28E226E0003AB5EA /* ext.swift */; };
		24B4896228E228F3003AB5EA /* CalculatorModel.swift in Sources */ = {isa = PBXBuildFile; fileRef = 24B4896128E228F3003AB5EA /* CalculatorModel.swift */; };
		24B4896528E23958003AB5EA /* Toast in Frameworks */ = {isa = PBXBuildFile; productRef = 24B4896428E23958003AB5EA /* Toast */; };
		7A9D7F2728D76A8200C7BFD5 /* AppDelegate.swift in Sources */ = {isa = PBXBuildFile; fileRef = 7A9D7F2628D76A8200C7BFD5 /* AppDelegate.swift */; };
		7A9D7F2928D76A8200C7BFD5 /* SceneDelegate.swift in Sources */ = {isa = PBXBuildFile; fileRef = 7A9D7F2828D76A8200C7BFD5 /* SceneDelegate.swift */; };
		7A9D7F2B28D76A8200C7BFD5 /* ViewController.swift in Sources */ = {isa = PBXBuildFile; fileRef = 7A9D7F2A28D76A8200C7BFD5 /* ViewController.swift */; };
		7A9D7F2E28D76A8200C7BFD5 /* Main.storyboard in Resources */ = {isa = PBXBuildFile; fileRef = 7A9D7F2C28D76A8200C7BFD5 /* Main.storyboard */; };
		7A9D7F3028D76A8300C7BFD5 /* Assets.xcassets in Resources */ = {isa = PBXBuildFile; fileRef = 7A9D7F2F28D76A8300C7BFD5 /* Assets.xcassets */; };
		7A9D7F3328D76A8300C7BFD5 /* LaunchScreen.storyboard in Resources */ = {isa = PBXBuildFile; fileRef = 7A9D7F3128D76A8300C7BFD5 /* LaunchScreen.storyboard */; };
		B10C01AB28E3835500DC8B18 /* CalculationState.swift in Sources */ = {isa = PBXBuildFile; fileRef = B10C01AA28E3835500DC8B18 /* CalculationState.swift */; };
		B12C57A728E2B30400B17327 /* CalculatorViewModel.swift in Sources */ = {isa = PBXBuildFile; fileRef = B12C57A628E2B30400B17327 /* CalculatorViewModel.swift */; };
/* End PBXBuildFile section */

/* Begin PBXFileReference section */
		24B4895E28E226E0003AB5EA /* ext.swift */ = {isa = PBXFileReference; lastKnownFileType = sourcecode.swift; path = ext.swift; sourceTree = "<group>"; };
		24B4896128E228F3003AB5EA /* CalculatorModel.swift */ = {isa = PBXFileReference; lastKnownFileType = sourcecode.swift; path = CalculatorModel.swift; sourceTree = "<group>"; };
		7A9D7F2328D76A8200C7BFD5 /* MAPD714_Assignment1.app */ = {isa = PBXFileReference; explicitFileType = wrapper.application; includeInIndex = 0; path = MAPD714_Assignment1.app; sourceTree = BUILT_PRODUCTS_DIR; };
		7A9D7F2628D76A8200C7BFD5 /* AppDelegate.swift */ = {isa = PBXFileReference; lastKnownFileType = sourcecode.swift; path = AppDelegate.swift; sourceTree = "<group>"; };
		7A9D7F2828D76A8200C7BFD5 /* SceneDelegate.swift */ = {isa = PBXFileReference; lastKnownFileType = sourcecode.swift; path = SceneDelegate.swift; sourceTree = "<group>"; };
		7A9D7F2A28D76A8200C7BFD5 /* ViewController.swift */ = {isa = PBXFileReference; lastKnownFileType = sourcecode.swift; path = ViewController.swift; sourceTree = "<group>"; };
		7A9D7F2D28D76A8200C7BFD5 /* Base */ = {isa = PBXFileReference; lastKnownFileType = file.storyboard; name = Base; path = Base.lproj/Main.storyboard; sourceTree = "<group>"; };
		7A9D7F2F28D76A8300C7BFD5 /* Assets.xcassets */ = {isa = PBXFileReference; lastKnownFileType = folder.assetcatalog; path = Assets.xcassets; sourceTree = "<group>"; };
		7A9D7F3228D76A8300C7BFD5 /* Base */ = {isa = PBXFileReference; lastKnownFileType = file.storyboard; name = Base; path = Base.lproj/LaunchScreen.storyboard; sourceTree = "<group>"; };
		7A9D7F3428D76A8300C7BFD5 /* Info.plist */ = {isa = PBXFileReference; lastKnownFileType = text.plist.xml; path = Info.plist; sourceTree = "<group>"; };
		B10C01AA28E3835500DC8B18 /* CalculationState.swift */ = {isa = PBXFileReference; lastKnownFileType = sourcecode.swift; path = CalculationState.swift; sourceTree = "<group>"; };
		B12C57A628E2B30400B17327 /* CalculatorViewModel.swift */ = {isa = PBXFileReference; lastKnownFileType = sourcecode.swift; path = CalculatorViewModel.swift; sourceTree = "<group>"; };
/* End PBXFileReference section */

/* Begin PBXFrameworksBuildPhase section */
		7A9D7F2028D76A8200C7BFD5 /* Frameworks */ = {
			isa = PBXFrameworksBuildPhase;
			buildActionMask = 2147483647;
			files = (
				24B4896528E23958003AB5EA /* Toast in Frameworks */,
			);
			runOnlyForDeploymentPostprocessing = 0;
		};
/* End PBXFrameworksBuildPhase section */

/* Begin PBXGroup section */
		24B4896028E228DD003AB5EA /* model */ = {
			isa = PBXGroup;
			children = (
				24B4896128E228F3003AB5EA /* CalculatorModel.swift */,
				B10C01AA28E3835500DC8B18 /* CalculationState.swift */,
			);
			path = model;
			sourceTree = "<group>";
		};
		7A9D7F1A28D76A8200C7BFD5 = {
			isa = PBXGroup;
			children = (
				7A9D7F2528D76A8200C7BFD5 /* MAPD714_Assignment1 */,
				7A9D7F2428D76A8200C7BFD5 /* Products */,
			);
			sourceTree = "<group>";
		};
		7A9D7F2428D76A8200C7BFD5 /* Products */ = {
			isa = PBXGroup;
			children = (
				7A9D7F2328D76A8200C7BFD5 /* MAPD714_Assignment1.app */,
			);
			name = Products;
			sourceTree = "<group>";
		};
		7A9D7F2528D76A8200C7BFD5 /* MAPD714_Assignment1 */ = {
			isa = PBXGroup;
			children = (
				B12C57A528E2B2EB00B17327 /* viewModel */,
				B12C57A428E2B2B300B17327 /* view */,
				24B4896028E228DD003AB5EA /* model */,
				7A9D7F2628D76A8200C7BFD5 /* AppDelegate.swift */,
				7A9D7F2828D76A8200C7BFD5 /* SceneDelegate.swift */,
				7A9D7F2C28D76A8200C7BFD5 /* Main.storyboard */,
				7A9D7F2F28D76A8300C7BFD5 /* Assets.xcassets */,
				7A9D7F3128D76A8300C7BFD5 /* LaunchScreen.storyboard */,
				7A9D7F3428D76A8300C7BFD5 /* Info.plist */,
				24B4895E28E226E0003AB5EA /* ext.swift */,
			);
			path = MAPD714_Assignment1;
			sourceTree = "<group>";
		};
		B12C57A428E2B2B300B17327 /* view */ = {
			isa = PBXGroup;
			children = (
				7A9D7F2A28D76A8200C7BFD5 /* ViewController.swift */,
			);
			path = view;
			sourceTree = "<group>";
		};
		B12C57A528E2B2EB00B17327 /* viewModel */ = {
			isa = PBXGroup;
			children = (
				B12C57A628E2B30400B17327 /* CalculatorViewModel.swift */,
			);
			name = viewModel;
			path = MAPD714_Assignment1/viewModel;
			sourceTree = SOURCE_ROOT;
		};
/* End PBXGroup section */

/* Begin PBXNativeTarget section */
		7A9D7F2228D76A8200C7BFD5 /* MAPD714_Assignment1 */ = {
			isa = PBXNativeTarget;
			buildConfigurationList = 7A9D7F3728D76A8300C7BFD5 /* Build configuration list for PBXNativeTarget "MAPD714_Assignment1" */;
			buildPhases = (
				7A9D7F1F28D76A8200C7BFD5 /* Sources */,
				7A9D7F2028D76A8200C7BFD5 /* Frameworks */,
				7A9D7F2128D76A8200C7BFD5 /* Resources */,
			);
			buildRules = (
			);
			dependencies = (
			);
			name = MAPD714_Assignment1;
			packageProductDependencies = (
				24B4896428E23958003AB5EA /* Toast */,
			);
			productName = MAPD714_Assignment1;
			productReference = 7A9D7F2328D76A8200C7BFD5 /* MAPD714_Assignment1.app */;
			productType = "com.apple.product-type.application";
		};
/* End PBXNativeTarget section */

/* Begin PBXProject section */
		7A9D7F1B28D76A8200C7BFD5 /* Project object */ = {
			isa = PBXProject;
			attributes = {
				BuildIndependentTargetsInParallel = 1;
				LastSwiftUpdateCheck = 1340;
				LastUpgradeCheck = 1340;
				TargetAttributes = {
					7A9D7F2228D76A8200C7BFD5 = {
						CreatedOnToolsVersion = 13.4.1;
					};
				};
			};
			buildConfigurationList = 7A9D7F1E28D76A8200C7BFD5 /* Build configuration list for PBXProject "MAPD714_Assignment1" */;
			compatibilityVersion = "Xcode 13.0";
			developmentRegion = en;
			hasScannedForEncodings = 0;
			knownRegions = (
				en,
				Base,
			);
			mainGroup = 7A9D7F1A28D76A8200C7BFD5;
			packageReferences = (
				24B4896328E23958003AB5EA /* XCRemoteSwiftPackageReference "Toast-Swift" */,
			);
			productRefGroup = 7A9D7F2428D76A8200C7BFD5 /* Products */;
			projectDirPath = "";
			projectRoot = "";
			targets = (
				7A9D7F2228D76A8200C7BFD5 /* MAPD714_Assignment1 */,
			);
		};
/* End PBXProject section */

/* Begin PBXResourcesBuildPhase section */
		7A9D7F2128D76A8200C7BFD5 /* Resources */ = {
			isa = PBXResourcesBuildPhase;
			buildActionMask = 2147483647;
			files = (
				7A9D7F3328D76A8300C7BFD5 /* LaunchScreen.storyboard in Resources */,
				7A9D7F3028D76A8300C7BFD5 /* Assets.xcassets in Resources */,
				7A9D7F2E28D76A8200C7BFD5 /* Main.storyboard in Resources */,
			);
			runOnlyForDeploymentPostprocessing = 0;
		};
/* End PBXResourcesBuildPhase section */

/* Begin PBXSourcesBuildPhase section */
		7A9D7F1F28D76A8200C7BFD5 /* Sources */ = {
			isa = PBXSourcesBuildPhase;
			buildActionMask = 2147483647;
			files = (
				7A9D7F2B28D76A8200C7BFD5 /* ViewController.swift in Sources */,
				24B4896228E228F3003AB5EA /* CalculatorModel.swift in Sources */,
				24B4895F28E226E0003AB5EA /* ext.swift in Sources */,
				7A9D7F2728D76A8200C7BFD5 /* AppDelegate.swift in Sources */,
				B12C57A728E2B30400B17327 /* CalculatorViewModel.swift in Sources */,
				B10C01AB28E3835500DC8B18 /* CalculationState.swift in Sources */,
				7A9D7F2928D76A8200C7BFD5 /* SceneDelegate.swift in Sources */,
			);
			runOnlyForDeploymentPostprocessing = 0;
		};
/* End PBXSourcesBuildPhase section */

/* Begin PBXVariantGroup section */
		7A9D7F2C28D76A8200C7BFD5 /* Main.storyboard */ = {
			isa = PBXVariantGroup;
			children = (
				7A9D7F2D28D76A8200C7BFD5 /* Base */,
			);
			name = Main.storyboard;
			sourceTree = "<group>";
		};
		7A9D7F3128D76A8300C7BFD5 /* LaunchScreen.storyboard */ = {
			isa = PBXVariantGroup;
			children = (
				7A9D7F3228D76A8300C7BFD5 /* Base */,
			);
			name = LaunchScreen.storyboard;
			sourceTree = "<group>";
		};
/* End PBXVariantGroup section */

/* Begin XCBuildConfiguration section */
		7A9D7F3528D76A8300C7BFD5 /* Debug */ = {
			isa = XCBuildConfiguration;
			buildSettings = {
				ALWAYS_SEARCH_USER_PATHS = NO;
				CLANG_ANALYZER_NONNULL = YES;
				CLANG_ANALYZER_NUMBER_OBJECT_CONVERSION = YES_AGGRESSIVE;
				CLANG_CXX_LANGUAGE_STANDARD = "gnu++17";
				CLANG_ENABLE_MODULES = YES;
				CLANG_ENABLE_OBJC_ARC = YES;
				CLANG_ENABLE_OBJC_WEAK = YES;
				CLANG_WARN_BLOCK_CAPTURE_AUTORELEASING = YES;
				CLANG_WARN_BOOL_CONVERSION = YES;
				CLANG_WARN_COMMA = YES;
				CLANG_WARN_CONSTANT_CONVERSION = YES;
				CLANG_WARN_DEPRECATED_OBJC_IMPLEMENTATIONS = YES;
				CLANG_WARN_DIRECT_OBJC_ISA_USAGE = YES_ERROR;
				CLANG_WARN_DOCUMENTATION_COMMENTS = YES;
				CLANG_WARN_EMPTY_BODY = YES;
				CLANG_WARN_ENUM_CONVERSION = YES;
				CLANG_WARN_INFINITE_RECURSION = YES;
				CLANG_WARN_INT_CONVERSION = YES;
				CLANG_WARN_NON_LITERAL_NULL_CONVERSION = YES;
				CLANG_WARN_OBJC_IMPLICIT_RETAIN_SELF = YES;
				CLANG_WARN_OBJC_LITERAL_CONVERSION = YES;
				CLANG_WARN_OBJC_ROOT_CLASS = YES_ERROR;
				CLANG_WARN_QUOTED_INCLUDE_IN_FRAMEWORK_HEADER = YES;
				CLANG_WARN_RANGE_LOOP_ANALYSIS = YES;
				CLANG_WARN_STRICT_PROTOTYPES = YES;
				CLANG_WARN_SUSPICIOUS_MOVE = YES;
				CLANG_WARN_UNGUARDED_AVAILABILITY = YES_AGGRESSIVE;
				CLANG_WARN_UNREACHABLE_CODE = YES;
				CLANG_WARN__DUPLICATE_METHOD_MATCH = YES;
				COPY_PHASE_STRIP = NO;
				DEBUG_INFORMATION_FORMAT = dwarf;
				ENABLE_STRICT_OBJC_MSGSEND = YES;
				ENABLE_TESTABILITY = YES;
				GCC_C_LANGUAGE_STANDARD = gnu11;
				GCC_DYNAMIC_NO_PIC = NO;
				GCC_NO_COMMON_BLOCKS = YES;
				GCC_OPTIMIZATION_LEVEL = 0;
				GCC_PREPROCESSOR_DEFINITIONS = (
					"DEBUG=1",
					"$(inherited)",
				);
				GCC_WARN_64_TO_32_BIT_CONVERSION = YES;
				GCC_WARN_ABOUT_RETURN_TYPE = YES_ERROR;
				GCC_WARN_UNDECLARED_SELECTOR = YES;
				GCC_WARN_UNINITIALIZED_AUTOS = YES_AGGRESSIVE;
				GCC_WARN_UNUSED_FUNCTION = YES;
				GCC_WARN_UNUSED_VARIABLE = YES;
				IPHONEOS_DEPLOYMENT_TARGET = 15.5;
				MTL_ENABLE_DEBUG_INFO = INCLUDE_SOURCE;
				MTL_FAST_MATH = YES;
				ONLY_ACTIVE_ARCH = YES;
				SDKROOT = iphoneos;
				SWIFT_ACTIVE_COMPILATION_CONDITIONS = DEBUG;
				SWIFT_OPTIMIZATION_LEVEL = "-Onone";
			};
			name = Debug;
		};
		7A9D7F3628D76A8300C7BFD5 /* Release */ = {
			isa = XCBuildConfiguration;
			buildSettings = {
				ALWAYS_SEARCH_USER_PATHS = NO;
				CLANG_ANALYZER_NONNULL = YES;
				CLANG_ANALYZER_NUMBER_OBJECT_CONVERSION = YES_AGGRESSIVE;
				CLANG_CXX_LANGUAGE_STANDARD = "gnu++17";
				CLANG_ENABLE_MODULES = YES;
				CLANG_ENABLE_OBJC_ARC = YES;
				CLANG_ENABLE_OBJC_WEAK = YES;
				CLANG_WARN_BLOCK_CAPTURE_AUTORELEASING = YES;
				CLANG_WARN_BOOL_CONVERSION = YES;
				CLANG_WARN_COMMA = YES;
				CLANG_WARN_CONSTANT_CONVERSION = YES;
				CLANG_WARN_DEPRECATED_OBJC_IMPLEMENTATIONS = YES;
				CLANG_WARN_DIRECT_OBJC_ISA_USAGE = YES_ERROR;
				CLANG_WARN_DOCUMENTATION_COMMENTS = YES;
				CLANG_WARN_EMPTY_BODY = YES;
				CLANG_WARN_ENUM_CONVERSION = YES;
				CLANG_WARN_INFINITE_RECURSION = YES;
				CLANG_WARN_INT_CONVERSION = YES;
				CLANG_WARN_NON_LITERAL_NULL_CONVERSION = YES;
				CLANG_WARN_OBJC_IMPLICIT_RETAIN_SELF = YES;
				CLANG_WARN_OBJC_LITERAL_CONVERSION = YES;
				CLANG_WARN_OBJC_ROOT_CLASS = YES_ERROR;
				CLANG_WARN_QUOTED_INCLUDE_IN_FRAMEWORK_HEADER = YES;
				CLANG_WARN_RANGE_LOOP_ANALYSIS = YES;
				CLANG_WARN_STRICT_PROTOTYPES = YES;
				CLANG_WARN_SUSPICIOUS_MOVE = YES;
				CLANG_WARN_UNGUARDED_AVAILABILITY = YES_AGGRESSIVE;
				CLANG_WARN_UNREACHABLE_CODE = YES;
				CLANG_WARN__DUPLICATE_METHOD_MATCH = YES;
				COPY_PHASE_STRIP = NO;
				DEBUG_INFORMATION_FORMAT = "dwarf-with-dsym";
				ENABLE_NS_ASSERTIONS = NO;
				ENABLE_STRICT_OBJC_MSGSEND = YES;
				GCC_C_LANGUAGE_STANDARD = gnu11;
				GCC_NO_COMMON_BLOCKS = YES;
				GCC_WARN_64_TO_32_BIT_CONVERSION = YES;
				GCC_WARN_ABOUT_RETURN_TYPE = YES_ERROR;
				GCC_WARN_UNDECLARED_SELECTOR = YES;
				GCC_WARN_UNINITIALIZED_AUTOS = YES_AGGRESSIVE;
				GCC_WARN_UNUSED_FUNCTION = YES;
				GCC_WARN_UNUSED_VARIABLE = YES;
				IPHONEOS_DEPLOYMENT_TARGET = 15.5;
				MTL_ENABLE_DEBUG_INFO = NO;
				MTL_FAST_MATH = YES;
				SDKROOT = iphoneos;
				SWIFT_COMPILATION_MODE = wholemodule;
				SWIFT_OPTIMIZATION_LEVEL = "-O";
				VALIDATE_PRODUCT = YES;
			};
			name = Release;
		};
		7A9D7F3828D76A8300C7BFD5 /* Debug */ = {
			isa = XCBuildConfiguration;
			buildSettings = {
				ASSETCATALOG_COMPILER_APPICON_NAME = AppIcon;
				ASSETCATALOG_COMPILER_GLOBAL_ACCENT_COLOR_NAME = AccentColor;
				CODE_SIGN_STYLE = Automatic;
				CURRENT_PROJECT_VERSION = 1;
				DEVELOPMENT_TEAM = 5ZB2ZPTHM9;
				GENERATE_INFOPLIST_FILE = YES;
				INFOPLIST_FILE = MAPD714_Assignment1/Info.plist;
				INFOPLIST_KEY_UIApplicationSupportsIndirectInputEvents = YES;
				INFOPLIST_KEY_UILaunchStoryboardName = LaunchScreen;
				INFOPLIST_KEY_UIMainStoryboardFile = Main;
				INFOPLIST_KEY_UISupportedInterfaceOrientations = UIInterfaceOrientationPortrait;
				INFOPLIST_KEY_UISupportedInterfaceOrientations_iPad = "UIInterfaceOrientationPortrait UIInterfaceOrientationPortraitUpsideDown UIInterfaceOrientationLandscapeLeft UIInterfaceOrientationLandscapeRight";
				INFOPLIST_KEY_UISupportedInterfaceOrientations_iPhone = "UIInterfaceOrientationPortrait UIInterfaceOrientationLandscapeLeft UIInterfaceOrientationLandscapeRight";
				LD_RUNPATH_SEARCH_PATHS = (
					"$(inherited)",
					"@executable_path/Frameworks",
				);
				MARKETING_VERSION = 1.0;
				PRODUCT_BUNDLE_IDENTIFIER = "mannokpun.MAPD714-Assignment1";
				PRODUCT_NAME = "$(TARGET_NAME)";
				SWIFT_EMIT_LOC_STRINGS = YES;
				SWIFT_VERSION = 5.0;
				TARGETED_DEVICE_FAMILY = "1,2";
			};
			name = Debug;
		};
		7A9D7F3928D76A8300C7BFD5 /* Release */ = {
			isa = XCBuildConfiguration;
			buildSettings = {
				ASSETCATALOG_COMPILER_APPICON_NAME = AppIcon;
				ASSETCATALOG_COMPILER_GLOBAL_ACCENT_COLOR_NAME = AccentColor;
				CODE_SIGN_STYLE = Automatic;
				CURRENT_PROJECT_VERSION = 1;
				DEVELOPMENT_TEAM = 5ZB2ZPTHM9;
				GENERATE_INFOPLIST_FILE = YES;
				INFOPLIST_FILE = MAPD714_Assignment1/Info.plist;
				INFOPLIST_KEY_UIApplicationSupportsIndirectInputEvents = YES;
				INFOPLIST_KEY_UILaunchStoryboardName = LaunchScreen;
				INFOPLIST_KEY_UIMainStoryboardFile = Main;
				INFOPLIST_KEY_UISupportedInterfaceOrientations = UIInterfaceOrientationPortrait;
				INFOPLIST_KEY_UISupportedInterfaceOrientations_iPad = "UIInterfaceOrientationPortrait UIInterfaceOrientationPortraitUpsideDown UIInterfaceOrientationLandscapeLeft UIInterfaceOrientationLandscapeRight";
				INFOPLIST_KEY_UISupportedInterfaceOrientations_iPhone = "UIInterfaceOrientationPortrait UIInterfaceOrientationLandscapeLeft UIInterfaceOrientationLandscapeRight";
				LD_RUNPATH_SEARCH_PATHS = (
					"$(inherited)",
					"@executable_path/Frameworks",
				);
				MARKETING_VERSION = 1.0;
				PRODUCT_BUNDLE_IDENTIFIER = "mannokpun.MAPD714-Assignment1";
				PRODUCT_NAME = "$(TARGET_NAME)";
				SWIFT_EMIT_LOC_STRINGS = YES;
				SWIFT_VERSION = 5.0;
				TARGETED_DEVICE_FAMILY = "1,2";
			};
			name = Release;
		};
/* End XCBuildConfiguration section */

/* Begin XCConfigurationList section */
		7A9D7F1E28D76A8200C7BFD5 /* Build configuration list for PBXProject "MAPD714_Assignment1" */ = {
			isa = XCConfigurationList;
			buildConfigurations = (
				7A9D7F3528D76A8300C7BFD5 /* Debug */,
				7A9D7F3628D76A8300C7BFD5 /* Release */,
			);
			defaultConfigurationIsVisible = 0;
			defaultConfigurationName = Release;
		};
		7A9D7F3728D76A8300C7BFD5 /* Build configuration list for PBXNativeTarget "MAPD714_Assignment1" */ = {
			isa = XCConfigurationList;
			buildConfigurations = (
				7A9D7F3828D76A8300C7BFD5 /* Debug */,
				7A9D7F3928D76A8300C7BFD5 /* Release */,
			);
			defaultConfigurationIsVisible = 0;
			defaultConfigurationName = Release;
		};
/* End XCConfigurationList section */

/* Begin XCRemoteSwiftPackageReference section */
		24B4896328E23958003AB5EA /* XCRemoteSwiftPackageReference "Toast-Swift" */ = {
			isa = XCRemoteSwiftPackageReference;
			repositoryURL = "https://github.com/scalessec/Toast-Swift";
			requirement = {
				kind = upToNextMajorVersion;
				minimumVersion = 5.0.0;
			};
		};
/* End XCRemoteSwiftPackageReference section */

/* Begin XCSwiftPackageProductDependency section */
		24B4896428E23958003AB5EA /* Toast */ = {
			isa = XCSwiftPackageProductDependency;
			package = 24B4896328E23958003AB5EA /* XCRemoteSwiftPackageReference "Toast-Swift" */;
			productName = Toast;
		};
/* End XCSwiftPackageProductDependency section */
	};
	rootObject = 7A9D7F1B28D76A8200C7BFD5 /* Project object */;
}
